
Microsoft Visual Studio Solution File, Format Version 12.00
# Visual Studio Version 17
VisualStudioVersion = 17.3.32901.215
MinimumVisualStudioVersion = 10.0.40219.1
Project("{FAE04EC0-301F-11D3-BF4B-00C04F79EFBC}") = "HelloWorld", "HelloWorld\HelloWorld.csproj", "{A0144E13-A114-4F73-A414-234A1540EBFF}"
EndProject
Project("{FAE04EC0-301F-11D3-BF4B-00C04F79EFBC}") = "ConsoleApp1", "ConsoleApp1\ConsoleApp1.csproj", "{5C4C89A8-13F3-40DF-8C0C-1C1D4969FD49}"
	ProjectSection(ProjectDependencies) = postProject
		{A0144E13-A114-4F73-A414-234A1540EBFF} = {A0144E13-A114-4F73-A414-234A1540EBFF}
	EndProjectSection
EndProject
Global
	GlobalSection(SolutionConfigurationPlatforms) = preSolution
		Debug|Any CPU = Debug|Any CPU
		Release|Any CPU = Release|Any CPU
	EndGlobalSection
	GlobalSection(ProjectConfigurationPlatforms) = postSolution
		{A0144E13-A114-4F73-A414-234A1540EBFF}.Debug|Any CPU.ActiveCfg = Debug|Any CPU
		{A0144E13-A114-4F73-A414-234A1540EBFF}.Debug|Any CPU.Build.0 = Debug|Any CPU
		{A0144E13-A114-4F73-A414-234A1540EBFF}.Release|Any CPU.ActiveCfg = Release|Any CPU
		{A0144E13-A114-4F73-A414-234A1540EBFF}.Release|Any CPU.Build.0 = Release|Any CPU
		{5C4C89A8-13F3-40DF-8C0C-1C1D4969FD49}.Debug|Any CPU.ActiveCfg = Debug|Any CPU
		{5C4C89A8-13F3-40DF-8C0C-1C1D4969FD49}.Debug|Any CPU.Build.0 = Debug|Any CPU
		{5C4C89A8-13F3-40DF-8C0C-1C1D4969FD49}.Release|Any CPU.ActiveCfg = Release|Any CPU
		{5C4C89A8-13F3-40DF-8C0C-1C1D4969FD49}.Release|Any CPU.Build.0 = Release|Any CPU
	EndGlobalSection
	GlobalSection(SolutionProperties) = preSolution
		HideSolutionNode = FALSE
	EndGlobalSection
	GlobalSection(ExtensibilityGlobals) = postSolution
		SolutionGuid = {2A87FC38-9E11-44C3-9B74-2C90C744F10E}
	EndGlobalSection
EndGlobal
